
Microsoft Visual Studio Solution File, Format Version 12.00
# Visual Studio 14
VisualStudioVersion = 14.0.25420.1
MinimumVisualStudioVersion = 10.0.40219.1
Project("{FAE04EC0-301F-11D3-BF4B-00C04F79EFBC}") = "SportsStore.Domain", "SportsStore.Domain\SportsStore.Domain.csproj", "{51D30DA3-B1DA-4532-AE45-FF1CBE1B85EF}"
EndProject
Project("{FAE04EC0-301F-11D3-BF4B-00C04F79EFBC}") = "SportsStore.WebUI", "SportsStore.WebUI\SportsStore.WebUI.csproj", "{BCD90BA9-AFE3-474A-AF0B-93B2549018B7}"
EndProject
Project("{FAE04EC0-301F-11D3-BF4B-00C04F79EFBC}") = "SportsStore.UnitTests", "SportsStore.UnitTests\SportsStore.UnitTests.csproj", "{C6869106-5B81-4E68-87E2-0CD4AFBFC03A}"
EndProject
Global
	GlobalSection(SolutionConfigurationPlatforms) = preSolution
		Debug|Any CPU = Debug|Any CPU
		Release|Any CPU = Release|Any CPU
	EndGlobalSection
	GlobalSection(ProjectConfigurationPlatforms) = postSolution
		{51D30DA3-B1DA-4532-AE45-FF1CBE1B85EF}.Debug|Any CPU.ActiveCfg = Debug|Any CPU
		{51D30DA3-B1DA-4532-AE45-FF1CBE1B85EF}.Debug|Any CPU.Build.0 = Debug|Any CPU
		{51D30DA3-B1DA-4532-AE45-FF1CBE1B85EF}.Release|Any CPU.ActiveCfg = Release|Any CPU
		{51D30DA3-B1DA-4532-AE45-FF1CBE1B85EF}.Release|Any CPU.Build.0 = Release|Any CPU
		{BCD90BA9-AFE3-474A-AF0B-93B2549018B7}.Debug|Any CPU.ActiveCfg = Debug|Any CPU
		{BCD90BA9-AFE3-474A-AF0B-93B2549018B7}.Debug|Any CPU.Build.0 = Debug|Any CPU
		{BCD90BA9-AFE3-474A-AF0B-93B2549018B7}.Release|Any CPU.ActiveCfg = Release|Any CPU
		{BCD90BA9-AFE3-474A-AF0B-93B2549018B7}.Release|Any CPU.Build.0 = Release|Any CPU
		{C6869106-5B81-4E68-87E2-0CD4AFBFC03A}.Debug|Any CPU.ActiveCfg = Debug|Any CPU
		{C6869106-5B81-4E68-87E2-0CD4AFBFC03A}.Debug|Any CPU.Build.0 = Debug|Any CPU
		{C6869106-5B81-4E68-87E2-0CD4AFBFC03A}.Release|Any CPU.ActiveCfg = Release|Any CPU
		{C6869106-5B81-4E68-87E2-0CD4AFBFC03A}.Release|Any CPU.Build.0 = Release|Any CPU
	EndGlobalSection
	GlobalSection(SolutionProperties) = preSolution
		HideSolutionNode = FALSE
	EndGlobalSection
EndGlobal
